
Microsoft Visual Studio Solution File, Format Version 12.00
# Visual Studio Version 17
VisualStudioVersion = 17.13.35825.156 d17.13
MinimumVisualStudioVersion = 10.0.40219.1
Project("{FAE04EC0-301F-11D3-BF4B-00C04F79EFBC}") = "StuInfoManaSys", "StuInfoManaSys\StuInfoManaSys.csproj", "{DEDD1D23-7452-4452-B566-9AECC4522A62}"
EndProject
Global
	GlobalSection(SolutionConfigurationPlatforms) = preSolution
		Debug|Any CPU = Debug|Any CPU
		Release|Any CPU = Release|Any CPU
	EndGlobalSection
	GlobalSection(ProjectConfigurationPlatforms) = postSolution
		{DEDD1D23-7452-4452-B566-9AECC4522A62}.Debug|Any CPU.ActiveCfg = Debug|Any CPU
		{DEDD1D23-7452-4452-B566-9AECC4522A62}.Debug|Any CPU.Build.0 = Debug|Any CPU
		{DEDD1D23-7452-4452-B566-9AECC4522A62}.Release|Any CPU.ActiveCfg = Release|Any CPU
		{DEDD1D23-7452-4452-B566-9AECC4522A62}.Release|Any CPU.Build.0 = Release|Any CPU
	EndGlobalSection
	GlobalSection(SolutionProperties) = preSolution
		HideSolutionNode = FALSE
	EndGlobalSection
	GlobalSection(ExtensibilityGlobals) = postSolution
		SolutionGuid = {17A4D8D9-EB8E-450B-9A78-62E026F7D326}
	EndGlobalSection
EndGlobal
